// !$*UTF8*$!
{
	archiveVersion = 1;
	classes = {
	};
	objectVersion = 50;
	objects = {

/* Begin PBXBuildFile section */
		180664D320AD4E340078B8B8 /* MyQuizLeaderboardViewController.swift in Sources */ = {isa = PBXBuildFile; fileRef = 180664D220AD4E340078B8B8 /* MyQuizLeaderboardViewController.swift */; };
		180664D520AD5B5E0078B8B8 /* MyQuizleaderboardTableViewCell.swift in Sources */ = {isa = PBXBuildFile; fileRef = 180664D420AD5B5E0078B8B8 /* MyQuizleaderboardTableViewCell.swift */; };
		1829239020AAD1DF009DB087 /* StoreKit.framework in Frameworks */ = {isa = PBXBuildFile; fileRef = 1829238F20AAD1DF009DB087 /* StoreKit.framework */; };
		1829239220AAD1F3009DB087 /* AddressBook.framework in Frameworks */ = {isa = PBXBuildFile; fileRef = 1829239120AAD1F2009DB087 /* AddressBook.framework */; };
		1829239420AAD204009DB087 /* SystemConfiguration.framework in Frameworks */ = {isa = PBXBuildFile; fileRef = 1829239320AAD204009DB087 /* SystemConfiguration.framework */; };
		1829239720AAD270009DB087 /* QuizApp.m in Sources */ = {isa = PBXBuildFile; fileRef = 1829239620AAD270009DB087 /* QuizApp.m */; };
		188A805420A6DB7E00475AE0 /* QuizCompletedViewController.swift in Sources */ = {isa = PBXBuildFile; fileRef = 188A805320A6DB7E00475AE0 /* QuizCompletedViewController.swift */; };
		188A805C20A7060600475AE0 /* ConstantValues.swift in Sources */ = {isa = PBXBuildFile; fileRef = 188A805B20A7060600475AE0 /* ConstantValues.swift */; };
		18BE0EFF20AAC0B300D4728F /* GoogleService-Info.plist in Resources */ = {isa = PBXBuildFile; fileRef = 18BE0EFE20AAC0B100D4728F /* GoogleService-Info.plist */; };
		18C2F3FD20A56B2C00B627BF /* AllQuizTableViewCell.swift in Sources */ = {isa = PBXBuildFile; fileRef = 18C2F3FC20A56B2C00B627BF /* AllQuizTableViewCell.swift */; };
		18C2F3FF20A57D9900B627BF /* GlobalQuizTableViewCell.swift in Sources */ = {isa = PBXBuildFile; fileRef = 18C2F3FE20A57D9900B627BF /* GlobalQuizTableViewCell.swift */; };
		18C2F40120A59D4E00B627BF /* ParticularQuizViewController.swift in Sources */ = {isa = PBXBuildFile; fileRef = 18C2F40020A59D4E00B627BF /* ParticularQuizViewController.swift */; };
		18C2F40320A59D8000B627BF /* ParticularQuizTableViewCell.swift in Sources */ = {isa = PBXBuildFile; fileRef = 18C2F40220A59D8000B627BF /* ParticularQuizTableViewCell.swift */; };
		18C2F40520A5BA2500B627BF /* QuizQuestionViewController.swift in Sources */ = {isa = PBXBuildFile; fileRef = 18C2F40420A5BA2500B627BF /* QuizQuestionViewController.swift */; };
		18C2F40820A5C5DC00B627BF /* QuizQuestionTableViewCell.swift in Sources */ = {isa = PBXBuildFile; fileRef = 18C2F40620A5C5DC00B627BF /* QuizQuestionTableViewCell.swift */; };
		18C2F40920A5C5DC00B627BF /* QuizQuestionTableViewCell.xib in Resources */ = {isa = PBXBuildFile; fileRef = 18C2F40720A5C5DC00B627BF /* QuizQuestionTableViewCell.xib */; };
		18E04D0E20AC10CB00A0A880 /* MyQuizViewController.swift in Sources */ = {isa = PBXBuildFile; fileRef = 18E04D0D20AC10CA00A0A880 /* MyQuizViewController.swift */; };
		18E04D1020AC10F600A0A880 /* MyQuizTableViewCell.swift in Sources */ = {isa = PBXBuildFile; fileRef = 18E04D0F20AC10F600A0A880 /* MyQuizTableViewCell.swift */; };
		18E842CF20B3F36B004FD52E /* AboutUsFirstIndexTableViewCell.swift in Sources */ = {isa = PBXBuildFile; fileRef = 18E842CD20B3F36B004FD52E /* AboutUsFirstIndexTableViewCell.swift */; };
		18E842D020B3F36B004FD52E /* AboutUsFirstIndexTableViewCell.xib in Resources */ = {isa = PBXBuildFile; fileRef = 18E842CE20B3F36B004FD52E /* AboutUsFirstIndexTableViewCell.xib */; };
		18E842D320B3FD1B004FD52E /* AboutUsSecondIndexTableViewCell.swift in Sources */ = {isa = PBXBuildFile; fileRef = 18E842D120B3FD1B004FD52E /* AboutUsSecondIndexTableViewCell.swift */; };
		18E842D420B3FD1B004FD52E /* AboutUsSecondIndexTableViewCell.xib in Resources */ = {isa = PBXBuildFile; fileRef = 18E842D220B3FD1B004FD52E /* AboutUsSecondIndexTableViewCell.xib */; };
		18E842D920B3FDDC004FD52E /* AboutUsThirdIndexTableViewCell.swift in Sources */ = {isa = PBXBuildFile; fileRef = 18E842D720B3FDDC004FD52E /* AboutUsThirdIndexTableViewCell.swift */; };
		18E842DA20B3FDDC004FD52E /* AboutUsThirdIndexTableViewCell.xib in Resources */ = {isa = PBXBuildFile; fileRef = 18E842D820B3FDDC004FD52E /* AboutUsThirdIndexTableViewCell.xib */; };
		18F6CB1220A2BD5F0087955D /* AppDelegate.swift in Sources */ = {isa = PBXBuildFile; fileRef = 18F6CB1120A2BD5F0087955D /* AppDelegate.swift */; };
		18F6CB1720A2BD5F0087955D /* Main.storyboard in Resources */ = {isa = PBXBuildFile; fileRef = 18F6CB1520A2BD5F0087955D /* Main.storyboard */; };
		18F6CB1920A2BD610087955D /* Assets.xcassets in Resources */ = {isa = PBXBuildFile; fileRef = 18F6CB1820A2BD610087955D /* Assets.xcassets */; };
		18F6CB1C20A2BD610087955D /* LaunchScreen.storyboard in Resources */ = {isa = PBXBuildFile; fileRef = 18F6CB1A20A2BD610087955D /* LaunchScreen.storyboard */; };
		18F6CB2720A2BD610087955D /* QuizAppTests.swift in Sources */ = {isa = PBXBuildFile; fileRef = 18F6CB2620A2BD610087955D /* QuizAppTests.swift */; };
		18F6CB3220A2BD610087955D /* QuizAppUITests.swift in Sources */ = {isa = PBXBuildFile; fileRef = 18F6CB3120A2BD610087955D /* QuizAppUITests.swift */; };
		18F6CB4520A2C1890087955D /* Raleway_Bold.ttf in Resources */ = {isa = PBXBuildFile; fileRef = 18F6CB4120A2C1730087955D /* Raleway_Bold.ttf */; };
		18F6CB4620A2C1890087955D /* Raleway_Light.ttf in Resources */ = {isa = PBXBuildFile; fileRef = 18F6CB4320A2C1740087955D /* Raleway_Light.ttf */; };
		18F6CB4720A2C1890087955D /* Raleway_Medium.ttf in Resources */ = {isa = PBXBuildFile; fileRef = 18F6CB4220A2C1740087955D /* Raleway_Medium.ttf */; };
		18F6CB4820A2C1890087955D /* Raleway_Regular.ttf in Resources */ = {isa = PBXBuildFile; fileRef = 18F6CB4420A2C1740087955D /* Raleway_Regular.ttf */; };
		18F6CB4A20A2C8CB0087955D /* SignInViewController.swift in Sources */ = {isa = PBXBuildFile; fileRef = 18F6CB4920A2C8CB0087955D /* SignInViewController.swift */; };
		18F6CB4C20A2CC330087955D /* CustomClass.swift in Sources */ = {isa = PBXBuildFile; fileRef = 18F6CB4B20A2CC330087955D /* CustomClass.swift */; };
		18F6CB4E20A2F7260087955D /* SignUpViewController.swift in Sources */ = {isa = PBXBuildFile; fileRef = 18F6CB4D20A2F7250087955D /* SignUpViewController.swift */; };
		18F6CB5020A30E370087955D /* VerifyOTPViewController.swift in Sources */ = {isa = PBXBuildFile; fileRef = 18F6CB4F20A30E370087955D /* VerifyOTPViewController.swift */; };
		18F6CB5220A317B10087955D /* MenuViewController.swift in Sources */ = {isa = PBXBuildFile; fileRef = 18F6CB5120A317B10087955D /* MenuViewController.swift */; };
		18F6CB5420A317CD0087955D /* SlideViewController.swift in Sources */ = {isa = PBXBuildFile; fileRef = 18F6CB5320A317CD0087955D /* SlideViewController.swift */; };
		18F8399620A4134400E8523E /* DashBoardTabBarController.swift in Sources */ = {isa = PBXBuildFile; fileRef = 18F8399520A4134400E8523E /* DashBoardTabBarController.swift */; };
		18F8399720A420E300E8523E /* Raleway_Bold.ttf in Sources */ = {isa = PBXBuildFile; fileRef = 18F6CB4120A2C1730087955D /* Raleway_Bold.ttf */; };
		18F8399820A420E300E8523E /* Raleway_Light.ttf in Sources */ = {isa = PBXBuildFile; fileRef = 18F6CB4320A2C1740087955D /* Raleway_Light.ttf */; };
		18F8399920A420E300E8523E /* Raleway_Medium.ttf in Sources */ = {isa = PBXBuildFile; fileRef = 18F6CB4220A2C1740087955D /* Raleway_Medium.ttf */; };
		18F8399A20A420E300E8523E /* Raleway_Regular.ttf in Sources */ = {isa = PBXBuildFile; fileRef = 18F6CB4420A2C1740087955D /* Raleway_Regular.ttf */; };
		18F8399C20A4255D00E8523E /* MenuTableViewCell.swift in Sources */ = {isa = PBXBuildFile; fileRef = 18F8399B20A4255D00E8523E /* MenuTableViewCell.swift */; };
		18F8399E20A4499100E8523E /* QuizListViewController.swift in Sources */ = {isa = PBXBuildFile; fileRef = 18F8399D20A4499100E8523E /* QuizListViewController.swift */; };
		18F839A020A449B700E8523E /* LeaderBoardViewController.swift in Sources */ = {isa = PBXBuildFile; fileRef = 18F8399F20A449B600E8523E /* LeaderBoardViewController.swift */; };
		18F839A220A449D700E8523E /* AboutUsViewController.swift in Sources */ = {isa = PBXBuildFile; fileRef = 18F839A120A449D700E8523E /* AboutUsViewController.swift */; };
		18F839A420A4546500E8523E /* QuizListCollectionViewCell.swift in Sources */ = {isa = PBXBuildFile; fileRef = 18F839A320A4546500E8523E /* QuizListCollectionViewCell.swift */; };
		18FE49CB20A46DC400502F2A /* AllQuizViewController.swift in Sources */ = {isa = PBXBuildFile; fileRef = 18FE49CA20A46DC400502F2A /* AllQuizViewController.swift */; };
		18FE49CD20A46DDA00502F2A /* GlobalQuizViewController.swift in Sources */ = {isa = PBXBuildFile; fileRef = 18FE49CC20A46DDA00502F2A /* GlobalQuizViewController.swift */; };
		7A4670E35074F075EC600A09 /* Pods_QuizAppTests.framework in Frameworks */ = {isa = PBXBuildFile; fileRef = 562A01BEC936F148E341A3D5 /* Pods_QuizAppTests.framework */; };
		C186CC5154C10FB47FACE2DA /* Pods_QuizAppUITests.framework in Frameworks */ = {isa = PBXBuildFile; fileRef = C722863061402245F102F6ED /* Pods_QuizAppUITests.framework */; };
		EE3A7ED89260C76255604B34 /* Pods_QuizApp.framework in Frameworks */ = {isa = PBXBuildFile; fileRef = B33EB92FFD200EFCBAF679F6 /* Pods_QuizApp.framework */; };
/* End PBXBuildFile section */

/* Begin PBXContainerItemProxy section */
		18F6CB2320A2BD610087955D /* PBXContainerItemProxy */ = {
			isa = PBXContainerItemProxy;
			containerPortal = 18F6CB0620A2BD5F0087955D /* Project object */;
			proxyType = 1;
			remoteGlobalIDString = 18F6CB0D20A2BD5F0087955D;
			remoteInfo = QuizApp;
		};
		18F6CB2E20A2BD610087955D /* PBXContainerItemProxy */ = {
			isa = PBXContainerItemProxy;
			containerPortal = 18F6CB0620A2BD5F0087955D /* Project object */;
			proxyType = 1;
			remoteGlobalIDString = 18F6CB0D20A2BD5F0087955D;
			remoteInfo = QuizApp;
		};
/* End PBXContainerItemProxy section */

/* Begin PBXFileReference section */
		180664D220AD4E340078B8B8 /* MyQuizLeaderboardViewController.swift */ = {isa = PBXFileReference; lastKnownFileType = sourcecode.swift; path = MyQuizLeaderboardViewController.swift; sourceTree = "<group>"; };
		180664D420AD5B5E0078B8B8 /* MyQuizleaderboardTableViewCell.swift */ = {isa = PBXFileReference; lastKnownFileType = sourcecode.swift; path = MyQuizleaderboardTableViewCell.swift; sourceTree = "<group>"; };
		1829238F20AAD1DF009DB087 /* StoreKit.framework */ = {isa = PBXFileReference; lastKnownFileType = wrapper.framework; name = StoreKit.framework; path = System/Library/Frameworks/StoreKit.framework; sourceTree = SDKROOT; };
		1829239120AAD1F2009DB087 /* AddressBook.framework */ = {isa = PBXFileReference; lastKnownFileType = wrapper.framework; name = AddressBook.framework; path = System/Library/Frameworks/AddressBook.framework; sourceTree = SDKROOT; };
		1829239320AAD204009DB087 /* SystemConfiguration.framework */ = {isa = PBXFileReference; lastKnownFileType = wrapper.framework; name = SystemConfiguration.framework; path = System/Library/Frameworks/SystemConfiguration.framework; sourceTree = SDKROOT; };
		1829239520AAD26F009DB087 /* QuizApp-Bridging-Header.h */ = {isa = PBXFileReference; lastKnownFileType = sourcecode.c.h; path = "QuizApp-Bridging-Header.h"; sourceTree = "<group>"; };
		1829239620AAD270009DB087 /* QuizApp.m */ = {isa = PBXFileReference; lastKnownFileType = sourcecode.c.objc; path = QuizApp.m; sourceTree = "<group>"; };
		188A805320A6DB7E00475AE0 /* QuizCompletedViewController.swift */ = {isa = PBXFileReference; lastKnownFileType = sourcecode.swift; path = QuizCompletedViewController.swift; sourceTree = "<group>"; };
		188A805B20A7060600475AE0 /* ConstantValues.swift */ = {isa = PBXFileReference; lastKnownFileType = sourcecode.swift; path = ConstantValues.swift; sourceTree = "<group>"; };
		18BE0EFD20AAB40700D4728F /* QuizApp.entitlements */ = {isa = PBXFileReference; lastKnownFileType = text.plist.entitlements; path = QuizApp.entitlements; sourceTree = "<group>"; };
		18BE0EFE20AAC0B100D4728F /* GoogleService-Info.plist */ = {isa = PBXFileReference; fileEncoding = 4; lastKnownFileType = text.plist.xml; path = "GoogleService-Info.plist"; sourceTree = "<group>"; };
		18C2F3FC20A56B2C00B627BF /* AllQuizTableViewCell.swift */ = {isa = PBXFileReference; lastKnownFileType = sourcecode.swift; path = AllQuizTableViewCell.swift; sourceTree = "<group>"; };
		18C2F3FE20A57D9900B627BF /* GlobalQuizTableViewCell.swift */ = {isa = PBXFileReference; lastKnownFileType = sourcecode.swift; path = GlobalQuizTableViewCell.swift; sourceTree = "<group>"; };
		18C2F40020A59D4E00B627BF /* ParticularQuizViewController.swift */ = {isa = PBXFileReference; lastKnownFileType = sourcecode.swift; path = ParticularQuizViewController.swift; sourceTree = "<group>"; };
		18C2F40220A59D8000B627BF /* ParticularQuizTableViewCell.swift */ = {isa = PBXFileReference; lastKnownFileType = sourcecode.swift; path = ParticularQuizTableViewCell.swift; sourceTree = "<group>"; };
		18C2F40420A5BA2500B627BF /* QuizQuestionViewController.swift */ = {isa = PBXFileReference; lastKnownFileType = sourcecode.swift; path = QuizQuestionViewController.swift; sourceTree = "<group>"; };
		18C2F40620A5C5DC00B627BF /* QuizQuestionTableViewCell.swift */ = {isa = PBXFileReference; lastKnownFileType = sourcecode.swift; path = QuizQuestionTableViewCell.swift; sourceTree = "<group>"; };
		18C2F40720A5C5DC00B627BF /* QuizQuestionTableViewCell.xib */ = {isa = PBXFileReference; lastKnownFileType = file.xib; path = QuizQuestionTableViewCell.xib; sourceTree = "<group>"; };
		18E04D0D20AC10CA00A0A880 /* MyQuizViewController.swift */ = {isa = PBXFileReference; lastKnownFileType = sourcecode.swift; path = MyQuizViewController.swift; sourceTree = "<group>"; };
		18E04D0F20AC10F600A0A880 /* MyQuizTableViewCell.swift */ = {isa = PBXFileReference; lastKnownFileType = sourcecode.swift; path = MyQuizTableViewCell.swift; sourceTree = "<group>"; };
		18E842CD20B3F36B004FD52E /* AboutUsFirstIndexTableViewCell.swift */ = {isa = PBXFileReference; lastKnownFileType = sourcecode.swift; path = AboutUsFirstIndexTableViewCell.swift; sourceTree = "<group>"; };
		18E842CE20B3F36B004FD52E /* AboutUsFirstIndexTableViewCell.xib */ = {isa = PBXFileReference; lastKnownFileType = file.xib; path = AboutUsFirstIndexTableViewCell.xib; sourceTree = "<group>"; };
		18E842D120B3FD1B004FD52E /* AboutUsSecondIndexTableViewCell.swift */ = {isa = PBXFileReference; lastKnownFileType = sourcecode.swift; path = AboutUsSecondIndexTableViewCell.swift; sourceTree = "<group>"; };
		18E842D220B3FD1B004FD52E /* AboutUsSecondIndexTableViewCell.xib */ = {isa = PBXFileReference; lastKnownFileType = file.xib; path = AboutUsSecondIndexTableViewCell.xib; sourceTree = "<group>"; };
		18E842D720B3FDDC004FD52E /* AboutUsThirdIndexTableViewCell.swift */ = {isa = PBXFileReference; lastKnownFileType = sourcecode.swift; path = AboutUsThirdIndexTableViewCell.swift; sourceTree = "<group>"; };
		18E842D820B3FDDC004FD52E /* AboutUsThirdIndexTableViewCell.xib */ = {isa = PBXFileReference; lastKnownFileType = file.xib; path = AboutUsThirdIndexTableViewCell.xib; sourceTree = "<group>"; };
		18F6CB0E20A2BD5F0087955D /* QuizApp.app */ = {isa = PBXFileReference; explicitFileType = wrapper.application; includeInIndex = 0; path = QuizApp.app; sourceTree = BUILT_PRODUCTS_DIR; };
		18F6CB1120A2BD5F0087955D /* AppDelegate.swift */ = {isa = PBXFileReference; lastKnownFileType = sourcecode.swift; path = AppDelegate.swift; sourceTree = "<group>"; };
		18F6CB1620A2BD5F0087955D /* Base */ = {isa = PBXFileReference; lastKnownFileType = file.storyboard; name = Base; path = Base.lproj/Main.storyboard; sourceTree = "<group>"; };
		18F6CB1820A2BD610087955D /* Assets.xcassets */ = {isa = PBXFileReference; lastKnownFileType = folder.assetcatalog; path = Assets.xcassets; sourceTree = "<group>"; };
		18F6CB1B20A2BD610087955D /* Base */ = {isa = PBXFileReference; lastKnownFileType = file.storyboard; name = Base; path = Base.lproj/LaunchScreen.storyboard; sourceTree = "<group>"; };
		18F6CB1D20A2BD610087955D /* Info.plist */ = {isa = PBXFileReference; lastKnownFileType = text.plist.xml; path = Info.plist; sourceTree = "<group>"; };
		18F6CB2220A2BD610087955D /* QuizAppTests.xctest */ = {isa = PBXFileReference; explicitFileType = wrapper.cfbundle; includeInIndex = 0; path = QuizAppTests.xctest; sourceTree = BUILT_PRODUCTS_DIR; };
		18F6CB2620A2BD610087955D /* QuizAppTests.swift */ = {isa = PBXFileReference; lastKnownFileType = sourcecode.swift; path = QuizAppTests.swift; sourceTree = "<group>"; };
		18F6CB2820A2BD610087955D /* Info.plist */ = {isa = PBXFileReference; lastKnownFileType = text.plist.xml; path = Info.plist; sourceTree = "<group>"; };
		18F6CB2D20A2BD610087955D /* QuizAppUITests.xctest */ = {isa = PBXFileReference; explicitFileType = wrapper.cfbundle; includeInIndex = 0; path = QuizAppUITests.xctest; sourceTree = BUILT_PRODUCTS_DIR; };
		18F6CB3120A2BD610087955D /* QuizAppUITests.swift */ = {isa = PBXFileReference; lastKnownFileType = sourcecode.swift; path = QuizAppUITests.swift; sourceTree = "<group>"; };
		18F6CB3320A2BD610087955D /* Info.plist */ = {isa = PBXFileReference; lastKnownFileType = text.plist.xml; path = Info.plist; sourceTree = "<group>"; };
		18F6CB4120A2C1730087955D /* Raleway_Bold.ttf */ = {isa = PBXFileReference; lastKnownFileType = file; path = Raleway_Bold.ttf; sourceTree = "<group>"; };
		18F6CB4220A2C1740087955D /* Raleway_Medium.ttf */ = {isa = PBXFileReference; lastKnownFileType = file; path = Raleway_Medium.ttf; sourceTree = "<group>"; };
		18F6CB4320A2C1740087955D /* Raleway_Light.ttf */ = {isa = PBXFileReference; lastKnownFileType = file; path = Raleway_Light.ttf; sourceTree = "<group>"; };
		18F6CB4420A2C1740087955D /* Raleway_Regular.ttf */ = {isa = PBXFileReference; lastKnownFileType = file; path = Raleway_Regular.ttf; sourceTree = "<group>"; };
		18F6CB4920A2C8CB0087955D /* SignInViewController.swift */ = {isa = PBXFileReference; lastKnownFileType = sourcecode.swift; path = SignInViewController.swift; sourceTree = "<group>"; };
		18F6CB4B20A2CC330087955D /* CustomClass.swift */ = {isa = PBXFileReference; lastKnownFileType = sourcecode.swift; path = CustomClass.swift; sourceTree = "<group>"; };
		18F6CB4D20A2F7250087955D /* SignUpViewController.swift */ = {isa = PBXFileReference; lastKnownFileType = sourcecode.swift; path = SignUpViewController.swift; sourceTree = "<group>"; };
		18F6CB4F20A30E370087955D /* VerifyOTPViewController.swift */ = {isa = PBXFileReference; lastKnownFileType = sourcecode.swift; path = VerifyOTPViewController.swift; sourceTree = "<group>"; };
		18F6CB5120A317B10087955D /* MenuViewController.swift */ = {isa = PBXFileReference; lastKnownFileType = sourcecode.swift; path = MenuViewController.swift; sourceTree = "<group>"; };
		18F6CB5320A317CD0087955D /* SlideViewController.swift */ = {isa = PBXFileReference; lastKnownFileType = sourcecode.swift; path = SlideViewController.swift; sourceTree = "<group>"; };
		18F8399520A4134400E8523E /* DashBoardTabBarController.swift */ = {isa = PBXFileReference; lastKnownFileType = sourcecode.swift; path = DashBoardTabBarController.swift; sourceTree = "<group>"; };
		18F8399B20A4255D00E8523E /* MenuTableViewCell.swift */ = {isa = PBXFileReference; lastKnownFileType = sourcecode.swift; path = MenuTableViewCell.swift; sourceTree = "<group>"; };
		18F8399D20A4499100E8523E /* QuizListViewController.swift */ = {isa = PBXFileReference; lastKnownFileType = sourcecode.swift; path = QuizListViewController.swift; sourceTree = "<group>"; };
		18F8399F20A449B600E8523E /* LeaderBoardViewController.swift */ = {isa = PBXFileReference; lastKnownFileType = sourcecode.swift; path = LeaderBoardViewController.swift; sourceTree = "<group>"; };
		18F839A120A449D700E8523E /* AboutUsViewController.swift */ = {isa = PBXFileReference; lastKnownFileType = sourcecode.swift; path = AboutUsViewController.swift; sourceTree = "<group>"; };
		18F839A320A4546500E8523E /* QuizListCollectionViewCell.swift */ = {isa = PBXFileReference; lastKnownFileType = sourcecode.swift; path = QuizListCollectionViewCell.swift; sourceTree = "<group>"; };
		18FE49CA20A46DC400502F2A /* AllQuizViewController.swift */ = {isa = PBXFileReference; lastKnownFileType = sourcecode.swift; path = AllQuizViewController.swift; sourceTree = "<group>"; };
		18FE49CC20A46DDA00502F2A /* GlobalQuizViewController.swift */ = {isa = PBXFileReference; lastKnownFileType = sourcecode.swift; path = GlobalQuizViewController.swift; sourceTree = "<group>"; };
		47724E1A3B6E836029C877D0 /* Pods-QuizAppUITests.debug.xcconfig */ = {isa = PBXFileReference; includeInIndex = 1; lastKnownFileType = text.xcconfig; name = "Pods-QuizAppUITests.debug.xcconfig"; path = "Pods/Target Support Files/Pods-QuizAppUITests/Pods-QuizAppUITests.debug.xcconfig"; sourceTree = "<group>"; };
		562A01BEC936F148E341A3D5 /* Pods_QuizAppTests.framework */ = {isa = PBXFileReference; explicitFileType = wrapper.framework; includeInIndex = 0; path = Pods_QuizAppTests.framework; sourceTree = BUILT_PRODUCTS_DIR; };
		65683701F20D2849E86C8D39 /* Pods-QuizAppTests.release.xcconfig */ = {isa = PBXFileReference; includeInIndex = 1; lastKnownFileType = text.xcconfig; name = "Pods-QuizAppTests.release.xcconfig"; path = "Pods/Target Support Files/Pods-QuizAppTests/Pods-QuizAppTests.release.xcconfig"; sourceTree = "<group>"; };
		81A4F8EC3745E5F604AC0A1D /* Pods-QuizApp.release.xcconfig */ = {isa = PBXFileReference; includeInIndex = 1; lastKnownFileType = text.xcconfig; name = "Pods-QuizApp.release.xcconfig"; path = "Pods/Target Support Files/Pods-QuizApp/Pods-QuizApp.release.xcconfig"; sourceTree = "<group>"; };
		B33EB92FFD200EFCBAF679F6 /* Pods_QuizApp.framework */ = {isa = PBXFileReference; explicitFileType = wrapper.framework; includeInIndex = 0; path = Pods_QuizApp.framework; sourceTree = BUILT_PRODUCTS_DIR; };
		B4CA0121CAB3EE3DD1029D8F /* Pods-QuizAppUITests.release.xcconfig */ = {isa = PBXFileReference; includeInIndex = 1; lastKnownFileType = text.xcconfig; name = "Pods-QuizAppUITests.release.xcconfig"; path = "Pods/Target Support Files/Pods-QuizAppUITests/Pods-QuizAppUITests.release.xcconfig"; sourceTree = "<group>"; };
		B8D4D72A7E2FC26697DC098A /* Pods-QuizApp.debug.xcconfig */ = {isa = PBXFileReference; includeInIndex = 1; lastKnownFileType = text.xcconfig; name = "Pods-QuizApp.debug.xcconfig"; path = "Pods/Target Support Files/Pods-QuizApp/Pods-QuizApp.debug.xcconfig"; sourceTree = "<group>"; };
		C722863061402245F102F6ED /* Pods_QuizAppUITests.framework */ = {isa = PBXFileReference; explicitFileType = wrapper.framework; includeInIndex = 0; path = Pods_QuizAppUITests.framework; sourceTree = BUILT_PRODUCTS_DIR; };
		DFDAF7B925584C3EC5387727 /* Pods-QuizAppTests.debug.xcconfig */ = {isa = PBXFileReference; includeInIndex = 1; lastKnownFileType = text.xcconfig; name = "Pods-QuizAppTests.debug.xcconfig"; path = "Pods/Target Support Files/Pods-QuizAppTests/Pods-QuizAppTests.debug.xcconfig"; sourceTree = "<group>"; };
/* End PBXFileReference section */

/* Begin PBXFrameworksBuildPhase section */
		18F6CB0B20A2BD5F0087955D /* Frameworks */ = {
			isa = PBXFrameworksBuildPhase;
			buildActionMask = 2147483647;
			files = (
				1829239420AAD204009DB087 /* SystemConfiguration.framework in Frameworks */,
				1829239220AAD1F3009DB087 /* AddressBook.framework in Frameworks */,
				1829239020AAD1DF009DB087 /* StoreKit.framework in Frameworks */,
				EE3A7ED89260C76255604B34 /* Pods_QuizApp.framework in Frameworks */,
			);
			runOnlyForDeploymentPostprocessing = 0;
		};
		18F6CB1F20A2BD610087955D /* Frameworks */ = {
			isa = PBXFrameworksBuildPhase;
			buildActionMask = 2147483647;
			files = (
				7A4670E35074F075EC600A09 /* Pods_QuizAppTests.framework in Frameworks */,
			);
			runOnlyForDeploymentPostprocessing = 0;
		};
		18F6CB2A20A2BD610087955D /* Frameworks */ = {
			isa = PBXFrameworksBuildPhase;
			buildActionMask = 2147483647;
			files = (
				C186CC5154C10FB47FACE2DA /* Pods_QuizAppUITests.framework in Frameworks */,
			);
			runOnlyForDeploymentPostprocessing = 0;
		};
/* End PBXFrameworksBuildPhase section */

/* Begin PBXGroup section */
		18F6CB0520A2BD5F0087955D = {
			isa = PBXGroup;
			children = (
				18F6CB4020A2C1430087955D /* Custom Files */,
				18F6CB3F20A2C11A0087955D /* Custom Fonts */,
				18F6CB1020A2BD5F0087955D /* QuizApp */,
				18F6CB2520A2BD610087955D /* QuizAppTests */,
				18F6CB3020A2BD610087955D /* QuizAppUITests */,
				18F6CB0F20A2BD5F0087955D /* Products */,
				670AB6A23DA0B42D5F55F376 /* Pods */,
				CEC2AA8F4AC3DB12A3DE7AC8 /* Frameworks */,
			);
			sourceTree = "<group>";
		};
		18F6CB0F20A2BD5F0087955D /* Products */ = {
			isa = PBXGroup;
			children = (
				18F6CB0E20A2BD5F0087955D /* QuizApp.app */,
				18F6CB2220A2BD610087955D /* QuizAppTests.xctest */,
				18F6CB2D20A2BD610087955D /* QuizAppUITests.xctest */,
			);
			name = Products;
			sourceTree = "<group>";
		};
		18F6CB1020A2BD5F0087955D /* QuizApp */ = {
			isa = PBXGroup;
			children = (
				18BE0EFD20AAB40700D4728F /* QuizApp.entitlements */,
				18F6CB1120A2BD5F0087955D /* AppDelegate.swift */,
				18F6CB1520A2BD5F0087955D /* Main.storyboard */,
				18F6CB4920A2C8CB0087955D /* SignInViewController.swift */,
				18F6CB4D20A2F7250087955D /* SignUpViewController.swift */,
				18F6CB4F20A30E370087955D /* VerifyOTPViewController.swift */,
				18F6CB5120A317B10087955D /* MenuViewController.swift */,
				18F8399B20A4255D00E8523E /* MenuTableViewCell.swift */,
				18F6CB5320A317CD0087955D /* SlideViewController.swift */,
				18F8399520A4134400E8523E /* DashBoardTabBarController.swift */,
				18F8399D20A4499100E8523E /* QuizListViewController.swift */,
				18F839A320A4546500E8523E /* QuizListCollectionViewCell.swift */,
				18F8399F20A449B600E8523E /* LeaderBoardViewController.swift */,
				18FE49CA20A46DC400502F2A /* AllQuizViewController.swift */,
				18C2F3FC20A56B2C00B627BF /* AllQuizTableViewCell.swift */,
				18C2F40020A59D4E00B627BF /* ParticularQuizViewController.swift */,
				18C2F40220A59D8000B627BF /* ParticularQuizTableViewCell.swift */,
				18FE49CC20A46DDA00502F2A /* GlobalQuizViewController.swift */,
				18C2F3FE20A57D9900B627BF /* GlobalQuizTableViewCell.swift */,
				18E04D0D20AC10CA00A0A880 /* MyQuizViewController.swift */,
				18E04D0F20AC10F600A0A880 /* MyQuizTableViewCell.swift */,
				180664D220AD4E340078B8B8 /* MyQuizLeaderboardViewController.swift */,
				180664D420AD5B5E0078B8B8 /* MyQuizleaderboardTableViewCell.swift */,
				18F839A120A449D700E8523E /* AboutUsViewController.swift */,
				18E842CD20B3F36B004FD52E /* AboutUsFirstIndexTableViewCell.swift */,
				18E842CE20B3F36B004FD52E /* AboutUsFirstIndexTableViewCell.xib */,
				18E842D120B3FD1B004FD52E /* AboutUsSecondIndexTableViewCell.swift */,
				18E842D220B3FD1B004FD52E /* AboutUsSecondIndexTableViewCell.xib */,
				18E842D720B3FDDC004FD52E /* AboutUsThirdIndexTableViewCell.swift */,
				18E842D820B3FDDC004FD52E /* AboutUsThirdIndexTableViewCell.xib */,
				18C2F40420A5BA2500B627BF /* QuizQuestionViewController.swift */,
				18C2F40620A5C5DC00B627BF /* QuizQuestionTableViewCell.swift */,
				18C2F40720A5C5DC00B627BF /* QuizQuestionTableViewCell.xib */,
				188A805320A6DB7E00475AE0 /* QuizCompletedViewController.swift */,
				18F6CB1820A2BD610087955D /* Assets.xcassets */,
				18F6CB1A20A2BD610087955D /* LaunchScreen.storyboard */,
				18F6CB1D20A2BD610087955D /* Info.plist */,
				18BE0EFE20AAC0B100D4728F /* GoogleService-Info.plist */,
				1829239620AAD270009DB087 /* QuizApp.m */,
				1829239520AAD26F009DB087 /* QuizApp-Bridging-Header.h */,
			);
			path = QuizApp;
			sourceTree = "<group>";
		};
		18F6CB2520A2BD610087955D /* QuizAppTests */ = {
			isa = PBXGroup;
			children = (
				18F6CB2620A2BD610087955D /* QuizAppTests.swift */,
				18F6CB2820A2BD610087955D /* Info.plist */,
			);
			path = QuizAppTests;
			sourceTree = "<group>";
		};
		18F6CB3020A2BD610087955D /* QuizAppUITests */ = {
			isa = PBXGroup;
			children = (
				18F6CB3120A2BD610087955D /* QuizAppUITests.swift */,
				18F6CB3320A2BD610087955D /* Info.plist */,
			);
			path = QuizAppUITests;
			sourceTree = "<group>";
		};
		18F6CB3F20A2C11A0087955D /* Custom Fonts */ = {
			isa = PBXGroup;
			children = (
				18F6CB4120A2C1730087955D /* Raleway_Bold.ttf */,
				18F6CB4320A2C1740087955D /* Raleway_Light.ttf */,
				18F6CB4220A2C1740087955D /* Raleway_Medium.ttf */,
				18F6CB4420A2C1740087955D /* Raleway_Regular.ttf */,
			);
			path = "Custom Fonts";
			sourceTree = "<group>";
		};
		18F6CB4020A2C1430087955D /* Custom Files */ = {
			isa = PBXGroup;
			children = (
				18F6CB4B20A2CC330087955D /* CustomClass.swift */,
				188A805B20A7060600475AE0 /* ConstantValues.swift */,
			);
			path = "Custom Files";
			sourceTree = "<group>";
		};
		670AB6A23DA0B42D5F55F376 /* Pods */ = {
			isa = PBXGroup;
			children = (
				B8D4D72A7E2FC26697DC098A /* Pods-QuizApp.debug.xcconfig */,
				81A4F8EC3745E5F604AC0A1D /* Pods-QuizApp.release.xcconfig */,
				DFDAF7B925584C3EC5387727 /* Pods-QuizAppTests.debug.xcconfig */,
				65683701F20D2849E86C8D39 /* Pods-QuizAppTests.release.xcconfig */,
				47724E1A3B6E836029C877D0 /* Pods-QuizAppUITests.debug.xcconfig */,
				B4CA0121CAB3EE3DD1029D8F /* Pods-QuizAppUITests.release.xcconfig */,
			);
			name = Pods;
			sourceTree = "<group>";
		};
		CEC2AA8F4AC3DB12A3DE7AC8 /* Frameworks */ = {
			isa = PBXGroup;
			children = (
				1829239320AAD204009DB087 /* SystemConfiguration.framework */,
				1829239120AAD1F2009DB087 /* AddressBook.framework */,
				1829238F20AAD1DF009DB087 /* StoreKit.framework */,
				B33EB92FFD200EFCBAF679F6 /* Pods_QuizApp.framework */,
				562A01BEC936F148E341A3D5 /* Pods_QuizAppTests.framework */,
				C722863061402245F102F6ED /* Pods_QuizAppUITests.framework */,
			);
			name = Frameworks;
			sourceTree = "<group>";
		};
/* End PBXGroup section */

/* Begin PBXNativeTarget section */
		18F6CB0D20A2BD5F0087955D /* QuizApp */ = {
			isa = PBXNativeTarget;
			buildConfigurationList = 18F6CB3620A2BD610087955D /* Build configuration list for PBXNativeTarget "QuizApp" */;
			buildPhases = (
				2D5AEBC07BFA2FF12E72FE60 /* [CP] Check Pods Manifest.lock */,
				18F6CB0A20A2BD5F0087955D /* Sources */,
				18F6CB0B20A2BD5F0087955D /* Frameworks */,
				18F6CB0C20A2BD5F0087955D /* Resources */,
				6EA6F444408915525D4FC3F7 /* [CP] Embed Pods Frameworks */,
				13A52E5B18A6C8491EB8B592 /* [CP] Copy Pods Resources */,
			);
			buildRules = (
			);
			dependencies = (
			);
			name = QuizApp;
			productName = QuizApp;
			productReference = 18F6CB0E20A2BD5F0087955D /* QuizApp.app */;
			productType = "com.apple.product-type.application";
		};
		18F6CB2120A2BD610087955D /* QuizAppTests */ = {
			isa = PBXNativeTarget;
			buildConfigurationList = 18F6CB3920A2BD610087955D /* Build configuration list for PBXNativeTarget "QuizAppTests" */;
			buildPhases = (
				368DCE8B4F1DE039E0822318 /* [CP] Check Pods Manifest.lock */,
				18F6CB1E20A2BD610087955D /* Sources */,
				18F6CB1F20A2BD610087955D /* Frameworks */,
				18F6CB2020A2BD610087955D /* Resources */,
			);
			buildRules = (
			);
			dependencies = (
				18F6CB2420A2BD610087955D /* PBXTargetDependency */,
			);
			name = QuizAppTests;
			productName = QuizAppTests;
			productReference = 18F6CB2220A2BD610087955D /* QuizAppTests.xctest */;
			productType = "com.apple.product-type.bundle.unit-test";
		};
		18F6CB2C20A2BD610087955D /* QuizAppUITests */ = {
			isa = PBXNativeTarget;
			buildConfigurationList = 18F6CB3C20A2BD610087955D /* Build configuration list for PBXNativeTarget "QuizAppUITests" */;
			buildPhases = (
				E8F536CBB4390AE89E526408 /* [CP] Check Pods Manifest.lock */,
				18F6CB2920A2BD610087955D /* Sources */,
				18F6CB2A20A2BD610087955D /* Frameworks */,
				18F6CB2B20A2BD610087955D /* Resources */,
			);
			buildRules = (
			);
			dependencies = (
				18F6CB2F20A2BD610087955D /* PBXTargetDependency */,
			);
			name = QuizAppUITests;
			productName = QuizAppUITests;
			productReference = 18F6CB2D20A2BD610087955D /* QuizAppUITests.xctest */;
			productType = "com.apple.product-type.bundle.ui-testing";
		};
/* End PBXNativeTarget section */

/* Begin PBXProject section */
		18F6CB0620A2BD5F0087955D /* Project object */ = {
			isa = PBXProject;
			attributes = {
				LastSwiftUpdateCheck = 0930;
				LastUpgradeCheck = 0930;
				ORGANIZATIONNAME = Apple;
				TargetAttributes = {
					18F6CB0D20A2BD5F0087955D = {
						CreatedOnToolsVersion = 9.3;
						LastSwiftMigration = 0930;
						SystemCapabilities = {
							com.apple.Push = {
								enabled = 1;
							};
						};
					};
					18F6CB2120A2BD610087955D = {
						CreatedOnToolsVersion = 9.3;
						TestTargetID = 18F6CB0D20A2BD5F0087955D;
					};
					18F6CB2C20A2BD610087955D = {
						CreatedOnToolsVersion = 9.3;
						TestTargetID = 18F6CB0D20A2BD5F0087955D;
					};
				};
			};
			buildConfigurationList = 18F6CB0920A2BD5F0087955D /* Build configuration list for PBXProject "QuizApp" */;
			compatibilityVersion = "Xcode 9.3";
			developmentRegion = en;
			hasScannedForEncodings = 0;
			knownRegions = (
				en,
				Base,
			);
			mainGroup = 18F6CB0520A2BD5F0087955D;
			productRefGroup = 18F6CB0F20A2BD5F0087955D /* Products */;
			projectDirPath = "";
			projectRoot = "";
			targets = (
				18F6CB0D20A2BD5F0087955D /* QuizApp */,
				18F6CB2120A2BD610087955D /* QuizAppTests */,
				18F6CB2C20A2BD610087955D /* QuizAppUITests */,
			);
		};
/* End PBXProject section */

/* Begin PBXResourcesBuildPhase section */
		18F6CB0C20A2BD5F0087955D /* Resources */ = {
			isa = PBXResourcesBuildPhase;
			buildActionMask = 2147483647;
			files = (
				18F6CB4520A2C1890087955D /* Raleway_Bold.ttf in Resources */,
				18E842D020B3F36B004FD52E /* AboutUsFirstIndexTableViewCell.xib in Resources */,
				18F6CB4620A2C1890087955D /* Raleway_Light.ttf in Resources */,
				18BE0EFF20AAC0B300D4728F /* GoogleService-Info.plist in Resources */,
				18E842DA20B3FDDC004FD52E /* AboutUsThirdIndexTableViewCell.xib in Resources */,
				18E842D420B3FD1B004FD52E /* AboutUsSecondIndexTableViewCell.xib in Resources */,
				18C2F40920A5C5DC00B627BF /* QuizQuestionTableViewCell.xib in Resources */,
				18F6CB4720A2C1890087955D /* Raleway_Medium.ttf in Resources */,
				18F6CB4820A2C1890087955D /* Raleway_Regular.ttf in Resources */,
				18F6CB1C20A2BD610087955D /* LaunchScreen.storyboard in Resources */,
				18F6CB1920A2BD610087955D /* Assets.xcassets in Resources */,
				18F6CB1720A2BD5F0087955D /* Main.storyboard in Resources */,
			);
			runOnlyForDeploymentPostprocessing = 0;
		};
		18F6CB2020A2BD610087955D /* Resources */ = {
			isa = PBXResourcesBuildPhase;
			buildActionMask = 2147483647;
			files = (
			);
			runOnlyForDeploymentPostprocessing = 0;
		};
		18F6CB2B20A2BD610087955D /* Resources */ = {
			isa = PBXResourcesBuildPhase;
			buildActionMask = 2147483647;
			files = (
			);
			runOnlyForDeploymentPostprocessing = 0;
		};
/* End PBXResourcesBuildPhase section */

/* Begin PBXShellScriptBuildPhase section */
		13A52E5B18A6C8491EB8B592 /* [CP] Copy Pods Resources */ = {
			isa = PBXShellScriptBuildPhase;
			buildActionMask = 2147483647;
			files = (
			);
			inputPaths = (
				"${SRCROOT}/Pods/Target Support Files/Pods-QuizApp/Pods-QuizApp-resources.sh",
				"${PODS_ROOT}/GoogleSignIn/Resources/GoogleSignIn.bundle",
			);
			name = "[CP] Copy Pods Resources";
			outputPaths = (
				"${TARGET_BUILD_DIR}/${UNLOCALIZED_RESOURCES_FOLDER_PATH}/GoogleSignIn.bundle",
			);
			runOnlyForDeploymentPostprocessing = 0;
			shellPath = /bin/sh;
			shellScript = "\"${SRCROOT}/Pods/Target Support Files/Pods-QuizApp/Pods-QuizApp-resources.sh\"\n";
			showEnvVarsInLog = 0;
		};
		2D5AEBC07BFA2FF12E72FE60 /* [CP] Check Pods Manifest.lock */ = {
			isa = PBXShellScriptBuildPhase;
			buildActionMask = 2147483647;
			files = (
			);
			inputPaths = (
				"${PODS_PODFILE_DIR_PATH}/Podfile.lock",
				"${PODS_ROOT}/Manifest.lock",
			);
			name = "[CP] Check Pods Manifest.lock";
			outputPaths = (
				"$(DERIVED_FILE_DIR)/Pods-QuizApp-checkManifestLockResult.txt",
			);
			runOnlyForDeploymentPostprocessing = 0;
			shellPath = /bin/sh;
			shellScript = "diff \"${PODS_PODFILE_DIR_PATH}/Podfile.lock\" \"${PODS_ROOT}/Manifest.lock\" > /dev/null\nif [ $? != 0 ] ; then\n    # print error to STDERR\n    echo \"error: The sandbox is not in sync with the Podfile.lock. Run 'pod install' or update your CocoaPods installation.\" >&2\n    exit 1\nfi\n# This output is used by Xcode 'outputs' to avoid re-running this script phase.\necho \"SUCCESS\" > \"${SCRIPT_OUTPUT_FILE_0}\"\n";
			showEnvVarsInLog = 0;
		};
		368DCE8B4F1DE039E0822318 /* [CP] Check Pods Manifest.lock */ = {
			isa = PBXShellScriptBuildPhase;
			buildActionMask = 2147483647;
			files = (
			);
			inputPaths = (
				"${PODS_PODFILE_DIR_PATH}/Podfile.lock",
				"${PODS_ROOT}/Manifest.lock",
			);
			name = "[CP] Check Pods Manifest.lock";
			outputPaths = (
				"$(DERIVED_FILE_DIR)/Pods-QuizAppTests-checkManifestLockResult.txt",
			);
			runOnlyForDeploymentPostprocessing = 0;
			shellPath = /bin/sh;
			shellScript = "diff \"${PODS_PODFILE_DIR_PATH}/Podfile.lock\" \"${PODS_ROOT}/Manifest.lock\" > /dev/null\nif [ $? != 0 ] ; then\n    # print error to STDERR\n    echo \"error: The sandbox is not in sync with the Podfile.lock. Run 'pod install' or update your CocoaPods installation.\" >&2\n    exit 1\nfi\n# This output is used by Xcode 'outputs' to avoid re-running this script phase.\necho \"SUCCESS\" > \"${SCRIPT_OUTPUT_FILE_0}\"\n";
			showEnvVarsInLog = 0;
		};
		6EA6F444408915525D4FC3F7 /* [CP] Embed Pods Frameworks */ = {
			isa = PBXShellScriptBuildPhase;
			buildActionMask = 2147483647;
			files = (
			);
			inputPaths = (
				"${SRCROOT}/Pods/Target Support Files/Pods-QuizApp/Pods-QuizApp-frameworks.sh",
				"${BUILT_PRODUCTS_DIR}/Alamofire/Alamofire.framework",
				"${BUILT_PRODUCTS_DIR}/Bolts/Bolts.framework",
				"${BUILT_PRODUCTS_DIR}/CropViewController/CropViewController.framework",
				"${BUILT_PRODUCTS_DIR}/FBSDKCoreKit/FBSDKCoreKit.framework",
				"${BUILT_PRODUCTS_DIR}/FBSDKLoginKit/FBSDKLoginKit.framework",
				"${BUILT_PRODUCTS_DIR}/FacebookCore/FacebookCore.framework",
				"${BUILT_PRODUCTS_DIR}/FacebookLogin/FacebookLogin.framework",
				"${BUILT_PRODUCTS_DIR}/GTMOAuth2/GTMOAuth2.framework",
				"${BUILT_PRODUCTS_DIR}/GTMSessionFetcher/GTMSessionFetcher.framework",
				"${BUILT_PRODUCTS_DIR}/GoogleToolboxForMac/GoogleToolboxForMac.framework",
				"${BUILT_PRODUCTS_DIR}/Kingfisher/Kingfisher.framework",
				"${BUILT_PRODUCTS_DIR}/MBProgressHUD/MBProgressHUD.framework",
				"${BUILT_PRODUCTS_DIR}/MarqueeLabel/MarqueeLabel.framework",
				"${BUILT_PRODUCTS_DIR}/PageMenu/PageMenu.framework",
				"${BUILT_PRODUCTS_DIR}/Protobuf/Protobuf.framework",
				"${BUILT_PRODUCTS_DIR}/SlideMenuControllerSwift/SlideMenuControllerSwift.framework",
				"${BUILT_PRODUCTS_DIR}/SwiftyJSON/SwiftyJSON.framework",
				"${BUILT_PRODUCTS_DIR}/nanopb/nanopb.framework",
			);
			name = "[CP] Embed Pods Frameworks";
			outputPaths = (
				"${TARGET_BUILD_DIR}/${FRAMEWORKS_FOLDER_PATH}/Alamofire.framework",
				"${TARGET_BUILD_DIR}/${FRAMEWORKS_FOLDER_PATH}/Bolts.framework",
				"${TARGET_BUILD_DIR}/${FRAMEWORKS_FOLDER_PATH}/CropViewController.framework",
				"${TARGET_BUILD_DIR}/${FRAMEWORKS_FOLDER_PATH}/FBSDKCoreKit.framework",
				"${TARGET_BUILD_DIR}/${FRAMEWORKS_FOLDER_PATH}/FBSDKLoginKit.framework",
				"${TARGET_BUILD_DIR}/${FRAMEWORKS_FOLDER_PATH}/FacebookCore.framework",
				"${TARGET_BUILD_DIR}/${FRAMEWORKS_FOLDER_PATH}/FacebookLogin.framework",
				"${TARGET_BUILD_DIR}/${FRAMEWORKS_FOLDER_PATH}/GTMOAuth2.framework",
				"${TARGET_BUILD_DIR}/${FRAMEWORKS_FOLDER_PATH}/GTMSessionFetcher.framework",
				"${TARGET_BUILD_DIR}/${FRAMEWORKS_FOLDER_PATH}/GoogleToolboxForMac.framework",
				"${TARGET_BUILD_DIR}/${FRAMEWORKS_FOLDER_PATH}/Kingfisher.framework",
				"${TARGET_BUILD_DIR}/${FRAMEWORKS_FOLDER_PATH}/MBProgressHUD.framework",
				"${TARGET_BUILD_DIR}/${FRAMEWORKS_FOLDER_PATH}/MarqueeLabel.framework",
				"${TARGET_BUILD_DIR}/${FRAMEWORKS_FOLDER_PATH}/PageMenu.framework",
				"${TARGET_BUILD_DIR}/${FRAMEWORKS_FOLDER_PATH}/Protobuf.framework",
				"${TARGET_BUILD_DIR}/${FRAMEWORKS_FOLDER_PATH}/SlideMenuControllerSwift.framework",
				"${TARGET_BUILD_DIR}/${FRAMEWORKS_FOLDER_PATH}/SwiftyJSON.framework",
				"${TARGET_BUILD_DIR}/${FRAMEWORKS_FOLDER_PATH}/nanopb.framework",
			);
			runOnlyForDeploymentPostprocessing = 0;
			shellPath = /bin/sh;
			shellScript = "\"${SRCROOT}/Pods/Target Support Files/Pods-QuizApp/Pods-QuizApp-frameworks.sh\"\n";
			showEnvVarsInLog = 0;
		};
		E8F536CBB4390AE89E526408 /* [CP] Check Pods Manifest.lock */ = {
			isa = PBXShellScriptBuildPhase;
			buildActionMask = 2147483647;
			files = (
			);
			inputPaths = (
				"${PODS_PODFILE_DIR_PATH}/Podfile.lock",
				"${PODS_ROOT}/Manifest.lock",
			);
			name = "[CP] Check Pods Manifest.lock";
			outputPaths = (
				"$(DERIVED_FILE_DIR)/Pods-QuizAppUITests-checkManifestLockResult.txt",
			);
			runOnlyForDeploymentPostprocessing = 0;
			shellPath = /bin/sh;
			shellScript = "diff \"${PODS_PODFILE_DIR_PATH}/Podfile.lock\" \"${PODS_ROOT}/Manifest.lock\" > /dev/null\nif [ $? != 0 ] ; then\n    # print error to STDERR\n    echo \"error: The sandbox is not in sync with the Podfile.lock. Run 'pod install' or update your CocoaPods installation.\" >&2\n    exit 1\nfi\n# This output is used by Xcode 'outputs' to avoid re-running this script phase.\necho \"SUCCESS\" > \"${SCRIPT_OUTPUT_FILE_0}\"\n";
			showEnvVarsInLog = 0;
		};
/* End PBXShellScriptBuildPhase section */

/* Begin PBXSourcesBuildPhase section */
		18F6CB0A20A2BD5F0087955D /* Sources */ = {
			isa = PBXSourcesBuildPhase;
			buildActionMask = 2147483647;
			files = (
				18E842CF20B3F36B004FD52E /* AboutUsFirstIndexTableViewCell.swift in Sources */,
				18C2F40320A59D8000B627BF /* ParticularQuizTableViewCell.swift in Sources */,
				18F8399720A420E300E8523E /* Raleway_Bold.ttf in Sources */,
				18F8399820A420E300E8523E /* Raleway_Light.ttf in Sources */,
				18F8399920A420E300E8523E /* Raleway_Medium.ttf in Sources */,
				18F8399A20A420E300E8523E /* Raleway_Regular.ttf in Sources */,
				18C2F40820A5C5DC00B627BF /* QuizQuestionTableViewCell.swift in Sources */,
				180664D520AD5B5E0078B8B8 /* MyQuizleaderboardTableViewCell.swift in Sources */,
				1829239720AAD270009DB087 /* QuizApp.m in Sources */,
				18FE49CD20A46DDA00502F2A /* GlobalQuizViewController.swift in Sources */,
				18F839A020A449B700E8523E /* LeaderBoardViewController.swift in Sources */,
				188A805C20A7060600475AE0 /* ConstantValues.swift in Sources */,
				18F6CB4C20A2CC330087955D /* CustomClass.swift in Sources */,
				18F6CB5220A317B10087955D /* MenuViewController.swift in Sources */,
				18FE49CB20A46DC400502F2A /* AllQuizViewController.swift in Sources */,
				18F8399620A4134400E8523E /* DashBoardTabBarController.swift in Sources */,
				18E842D320B3FD1B004FD52E /* AboutUsSecondIndexTableViewCell.swift in Sources */,
				18C2F3FD20A56B2C00B627BF /* AllQuizTableViewCell.swift in Sources */,
				18F839A220A449D700E8523E /* AboutUsViewController.swift in Sources */,
				18E04D0E20AC10CB00A0A880 /* MyQuizViewController.swift in Sources */,
				18F839A420A4546500E8523E /* QuizListCollectionViewCell.swift in Sources */,
				18E842D920B3FDDC004FD52E /* AboutUsThirdIndexTableViewCell.swift in Sources */,
				18C2F40520A5BA2500B627BF /* QuizQuestionViewController.swift in Sources */,
				18F8399E20A4499100E8523E /* QuizListViewController.swift in Sources */,
				18F6CB1220A2BD5F0087955D /* AppDelegate.swift in Sources */,
				18F6CB4E20A2F7260087955D /* SignUpViewController.swift in Sources */,
				18F8399C20A4255D00E8523E /* MenuTableViewCell.swift in Sources */,
				18F6CB5020A30E370087955D /* VerifyOTPViewController.swift in Sources */,
				188A805420A6DB7E00475AE0 /* QuizCompletedViewController.swift in Sources */,
				180664D320AD4E340078B8B8 /* MyQuizLeaderboardViewController.swift in Sources */,
				18C2F3FF20A57D9900B627BF /* GlobalQuizTableViewCell.swift in Sources */,
				18F6CB5420A317CD0087955D /* SlideViewController.swift in Sources */,
				18C2F40120A59D4E00B627BF /* ParticularQuizViewController.swift in Sources */,
				18E04D1020AC10F600A0A880 /* MyQuizTableViewCell.swift in Sources */,
				18F6CB4A20A2C8CB0087955D /* SignInViewController.swift in Sources */,
			);
			runOnlyForDeploymentPostprocessing = 0;
		};
		18F6CB1E20A2BD610087955D /* Sources */ = {
			isa = PBXSourcesBuildPhase;
			buildActionMask = 2147483647;
			files = (
				18F6CB2720A2BD610087955D /* QuizAppTests.swift in Sources */,
			);
			runOnlyForDeploymentPostprocessing = 0;
		};
		18F6CB2920A2BD610087955D /* Sources */ = {
			isa = PBXSourcesBuildPhase;
			buildActionMask = 2147483647;
			files = (
				18F6CB3220A2BD610087955D /* QuizAppUITests.swift in Sources */,
			);
			runOnlyForDeploymentPostprocessing = 0;
		};
/* End PBXSourcesBuildPhase section */

/* Begin PBXTargetDependency section */
		18F6CB2420A2BD610087955D /* PBXTargetDependency */ = {
			isa = PBXTargetDependency;
			target = 18F6CB0D20A2BD5F0087955D /* QuizApp */;
			targetProxy = 18F6CB2320A2BD610087955D /* PBXContainerItemProxy */;
		};
		18F6CB2F20A2BD610087955D /* PBXTargetDependency */ = {
			isa = PBXTargetDependency;
			target = 18F6CB0D20A2BD5F0087955D /* QuizApp */;
			targetProxy = 18F6CB2E20A2BD610087955D /* PBXContainerItemProxy */;
		};
/* End PBXTargetDependency section */

/* Begin PBXVariantGroup section */
		18F6CB1520A2BD5F0087955D /* Main.storyboard */ = {
			isa = PBXVariantGroup;
			children = (
				18F6CB1620A2BD5F0087955D /* Base */,
			);
			name = Main.storyboard;
			sourceTree = "<group>";
		};
		18F6CB1A20A2BD610087955D /* LaunchScreen.storyboard */ = {
			isa = PBXVariantGroup;
			children = (
				18F6CB1B20A2BD610087955D /* Base */,
			);
			name = LaunchScreen.storyboard;
			sourceTree = "<group>";
		};
/* End PBXVariantGroup section */

/* Begin XCBuildConfiguration section */
		18F6CB3420A2BD610087955D /* Debug */ = {
			isa = XCBuildConfiguration;
			buildSettings = {
				ALWAYS_SEARCH_USER_PATHS = NO;
				CLANG_ANALYZER_NONNULL = YES;
				CLANG_ANALYZER_NUMBER_OBJECT_CONVERSION = YES_AGGRESSIVE;
				CLANG_CXX_LANGUAGE_STANDARD = "gnu++14";
				CLANG_CXX_LIBRARY = "libc++";
				CLANG_ENABLE_MODULES = YES;
				CLANG_ENABLE_OBJC_ARC = YES;
				CLANG_ENABLE_OBJC_WEAK = YES;
				CLANG_WARN_BLOCK_CAPTURE_AUTORELEASING = YES;
				CLANG_WARN_BOOL_CONVERSION = YES;
				CLANG_WARN_COMMA = YES;
				CLANG_WARN_CONSTANT_CONVERSION = YES;
				CLANG_WARN_DEPRECATED_OBJC_IMPLEMENTATIONS = YES;
				CLANG_WARN_DIRECT_OBJC_ISA_USAGE = YES_ERROR;
				CLANG_WARN_DOCUMENTATION_COMMENTS = YES;
				CLANG_WARN_EMPTY_BODY = YES;
				CLANG_WARN_ENUM_CONVERSION = YES;
				CLANG_WARN_INFINITE_RECURSION = YES;
				CLANG_WARN_INT_CONVERSION = YES;
				CLANG_WARN_NON_LITERAL_NULL_CONVERSION = YES;
				CLANG_WARN_OBJC_IMPLICIT_RETAIN_SELF = YES;
				CLANG_WARN_OBJC_LITERAL_CONVERSION = YES;
				CLANG_WARN_OBJC_ROOT_CLASS = YES_ERROR;
				CLANG_WARN_RANGE_LOOP_ANALYSIS = YES;
				CLANG_WARN_STRICT_PROTOTYPES = YES;
				CLANG_WARN_SUSPICIOUS_MOVE = YES;
				CLANG_WARN_UNGUARDED_AVAILABILITY = YES_AGGRESSIVE;
				CLANG_WARN_UNREACHABLE_CODE = YES;
				CLANG_WARN__DUPLICATE_METHOD_MATCH = YES;
				CODE_SIGN_IDENTITY = "iPhone Developer";
				COPY_PHASE_STRIP = NO;
				DEBUG_INFORMATION_FORMAT = dwarf;
				ENABLE_STRICT_OBJC_MSGSEND = YES;
				ENABLE_TESTABILITY = YES;
				GCC_C_LANGUAGE_STANDARD = gnu11;
				GCC_DYNAMIC_NO_PIC = NO;
				GCC_NO_COMMON_BLOCKS = YES;
				GCC_OPTIMIZATION_LEVEL = 0;
				GCC_PREPROCESSOR_DEFINITIONS = (
					"DEBUG=1",
					"$(inherited)",
				);
				GCC_WARN_64_TO_32_BIT_CONVERSION = YES;
				GCC_WARN_ABOUT_RETURN_TYPE = YES_ERROR;
				GCC_WARN_UNDECLARED_SELECTOR = YES;
				GCC_WARN_UNINITIALIZED_AUTOS = YES_AGGRESSIVE;
				GCC_WARN_UNUSED_FUNCTION = YES;
				GCC_WARN_UNUSED_VARIABLE = YES;
				IPHONEOS_DEPLOYMENT_TARGET = 11.3;
				MTL_ENABLE_DEBUG_INFO = YES;
				ONLY_ACTIVE_ARCH = YES;
				SDKROOT = iphoneos;
				SWIFT_ACTIVE_COMPILATION_CONDITIONS = DEBUG;
				SWIFT_OPTIMIZATION_LEVEL = "-Onone";
			};
			name = Debug;
		};
		18F6CB3520A2BD610087955D /* Release */ = {
			isa = XCBuildConfiguration;
			buildSettings = {
				ALWAYS_SEARCH_USER_PATHS = NO;
				CLANG_ANALYZER_NONNULL = YES;
				CLANG_ANALYZER_NUMBER_OBJECT_CONVERSION = YES_AGGRESSIVE;
				CLANG_CXX_LANGUAGE_STANDARD = "gnu++14";
				CLANG_CXX_LIBRARY = "libc++";
				CLANG_ENABLE_MODULES = YES;
				CLANG_ENABLE_OBJC_ARC = YES;
				CLANG_ENABLE_OBJC_WEAK = YES;
				CLANG_WARN_BLOCK_CAPTURE_AUTORELEASING = YES;
				CLANG_WARN_BOOL_CONVERSION = YES;
				CLANG_WARN_COMMA = YES;
				CLANG_WARN_CONSTANT_CONVERSION = YES;
				CLANG_WARN_DEPRECATED_OBJC_IMPLEMENTATIONS = YES;
				CLANG_WARN_DIRECT_OBJC_ISA_USAGE = YES_ERROR;
				CLANG_WARN_DOCUMENTATION_COMMENTS = YES;
				CLANG_WARN_EMPTY_BODY = YES;
				CLANG_WARN_ENUM_CONVERSION = YES;
				CLANG_WARN_INFINITE_RECURSION = YES;
				CLANG_WARN_INT_CONVERSION = YES;
				CLANG_WARN_NON_LITERAL_NULL_CONVERSION = YES;
				CLANG_WARN_OBJC_IMPLICIT_RETAIN_SELF = YES;
				CLANG_WARN_OBJC_LITERAL_CONVERSION = YES;
				CLANG_WARN_OBJC_ROOT_CLASS = YES_ERROR;
				CLANG_WARN_RANGE_LOOP_ANALYSIS = YES;
				CLANG_WARN_STRICT_PROTOTYPES = YES;
				CLANG_WARN_SUSPICIOUS_MOVE = YES;
				CLANG_WARN_UNGUARDED_AVAILABILITY = YES_AGGRESSIVE;
				CLANG_WARN_UNREACHABLE_CODE = YES;
				CLANG_WARN__DUPLICATE_METHOD_MATCH = YES;
				CODE_SIGN_IDENTITY = "iPhone Developer";
				COPY_PHASE_STRIP = NO;
				DEBUG_INFORMATION_FORMAT = "dwarf-with-dsym";
				ENABLE_NS_ASSERTIONS = NO;
				ENABLE_STRICT_OBJC_MSGSEND = YES;
				GCC_C_LANGUAGE_STANDARD = gnu11;
				GCC_NO_COMMON_BLOCKS = YES;
				GCC_WARN_64_TO_32_BIT_CONVERSION = YES;
				GCC_WARN_ABOUT_RETURN_TYPE = YES_ERROR;
				GCC_WARN_UNDECLARED_SELECTOR = YES;
				GCC_WARN_UNINITIALIZED_AUTOS = YES_AGGRESSIVE;
				GCC_WARN_UNUSED_FUNCTION = YES;
				GCC_WARN_UNUSED_VARIABLE = YES;
				IPHONEOS_DEPLOYMENT_TARGET = 11.3;
				MTL_ENABLE_DEBUG_INFO = NO;
				SDKROOT = iphoneos;
				SWIFT_COMPILATION_MODE = wholemodule;
				SWIFT_OPTIMIZATION_LEVEL = "-O";
				VALIDATE_PRODUCT = YES;
			};
			name = Release;
		};
		18F6CB3720A2BD610087955D /* Debug */ = {
			isa = XCBuildConfiguration;
			baseConfigurationReference = B8D4D72A7E2FC26697DC098A /* Pods-QuizApp.debug.xcconfig */;
			buildSettings = {
				ASSETCATALOG_COMPILER_APPICON_NAME = AppIcon;
				CLANG_ENABLE_MODULES = YES;
				CODE_SIGN_ENTITLEMENTS = QuizApp/QuizApp.entitlements;
				CODE_SIGN_IDENTITY = "iPhone Developer: Janak Mehta (AL6SSH4JJ3)";
				CODE_SIGN_STYLE = Manual;
				DEVELOPMENT_TEAM = S6BT78C69G;
				INFOPLIST_FILE = QuizApp/Info.plist;
				IPHONEOS_DEPLOYMENT_TARGET = 10.0;
				LD_RUNPATH_SEARCH_PATHS = (
					"$(inherited)",
					"@executable_path/Frameworks",
				);
				PRODUCT_BUNDLE_IDENTIFIER = com.adweb.QuizApp;
				PRODUCT_NAME = "$(TARGET_NAME)";
				PROVISIONING_PROFILE = "a5e7f3e2-711b-4648-a039-03bf4f0233f1";
				PROVISIONING_PROFILE_SPECIFIER = QuizApp_adweb_Development1;
				SWIFT_OBJC_BRIDGING_HEADER = "QuizApp/QuizApp-Bridging-Header.h";
				SWIFT_OPTIMIZATION_LEVEL = "-Onone";
				SWIFT_VERSION = 4.0;
				TARGETED_DEVICE_FAMILY = "1,2";
			};
			name = Debug;
		};
		18F6CB3820A2BD610087955D /* Release */ = {
			isa = XCBuildConfiguration;
			baseConfigurationReference = 81A4F8EC3745E5F604AC0A1D /* Pods-QuizApp.release.xcconfig */;
			buildSettings = {
				ASSETCATALOG_COMPILER_APPICON_NAME = AppIcon;
				CLANG_ENABLE_MODULES = YES;
				CODE_SIGN_ENTITLEMENTS = QuizApp/QuizApp.entitlements;
				CODE_SIGN_IDENTITY = "iPhone Developer: Janak Mehta (AL6SSH4JJ3)";
				CODE_SIGN_STYLE = Manual;
				DEVELOPMENT_TEAM = S6BT78C69G;
				INFOPLIST_FILE = QuizApp/Info.plist;
				IPHONEOS_DEPLOYMENT_TARGET = 10.0;
				LD_RUNPATH_SEARCH_PATHS = (
					"$(inherited)",
					"@executable_path/Frameworks",
				);
				PRODUCT_BUNDLE_IDENTIFIER = com.adweb.QuizApp;
				PRODUCT_NAME = "$(TARGET_NAME)";
				PROVISIONING_PROFILE = "a5e7f3e2-711b-4648-a039-03bf4f0233f1";
				PROVISIONING_PROFILE_SPECIFIER = QuizApp_adweb_Development1;
				SWIFT_OBJC_BRIDGING_HEADER = "QuizApp/QuizApp-Bridging-Header.h";
				SWIFT_VERSION = 4.0;
				TARGETED_DEVICE_FAMILY = "1,2";
			};
			name = Release;
		};
		18F6CB3A20A2BD610087955D /* Debug */ = {
			isa = XCBuildConfiguration;
			baseConfigurationReference = DFDAF7B925584C3EC5387727 /* Pods-QuizAppTests.debug.xcconfig */;
			buildSettings = {
				ALWAYS_EMBED_SWIFT_STANDARD_LIBRARIES = YES;
				BUNDLE_LOADER = "$(TEST_HOST)";
				CODE_SIGN_STYLE = Automatic;
				DEVELOPMENT_TEAM = 3NWJFVU6RP;
				INFOPLIST_FILE = QuizAppTests/Info.plist;
				LD_RUNPATH_SEARCH_PATHS = (
					"$(inherited)",
					"@executable_path/Frameworks",
					"@loader_path/Frameworks",
				);
				PRODUCT_BUNDLE_IDENTIFIER = com.app.QuizAppTests;
				PRODUCT_NAME = "$(TARGET_NAME)";
				SWIFT_VERSION = 4.0;
				TARGETED_DEVICE_FAMILY = "1,2";
				TEST_HOST = "$(BUILT_PRODUCTS_DIR)/QuizApp.app/QuizApp";
			};
			name = Debug;
		};
		18F6CB3B20A2BD610087955D /* Release */ = {
			isa = XCBuildConfiguration;
			baseConfigurationReference = 65683701F20D2849E86C8D39 /* Pods-QuizAppTests.release.xcconfig */;
			buildSettings = {
				ALWAYS_EMBED_SWIFT_STANDARD_LIBRARIES = YES;
				BUNDLE_LOADER = "$(TEST_HOST)";
				CODE_SIGN_STYLE = Automatic;
				DEVELOPMENT_TEAM = 3NWJFVU6RP;
				INFOPLIST_FILE = QuizAppTests/Info.plist;
				LD_RUNPATH_SEARCH_PATHS = (
					"$(inherited)",
					"@executable_path/Frameworks",
					"@loader_path/Frameworks",
				);
				PRODUCT_BUNDLE_IDENTIFIER = com.app.QuizAppTests;
				PRODUCT_NAME = "$(TARGET_NAME)";
				SWIFT_VERSION = 4.0;
				TARGETED_DEVICE_FAMILY = "1,2";
				TEST_HOST = "$(BUILT_PRODUCTS_DIR)/QuizApp.app/QuizApp";
			};
			name = Release;
		};
		18F6CB3D20A2BD610087955D /* Debug */ = {
			isa = XCBuildConfiguration;
			baseConfigurationReference = 47724E1A3B6E836029C877D0 /* Pods-QuizAppUITests.debug.xcconfig */;
			buildSettings = {
				ALWAYS_EMBED_SWIFT_STANDARD_LIBRARIES = YES;
				CODE_SIGN_STYLE = Automatic;
				DEVELOPMENT_TEAM = 3NWJFVU6RP;
				INFOPLIST_FILE = QuizAppUITests/Info.plist;
				LD_RUNPATH_SEARCH_PATHS = (
					"$(inherited)",
					"@executable_path/Frameworks",
					"@loader_path/Frameworks",
				);
				PRODUCT_BUNDLE_IDENTIFIER = com.app.QuizAppUITests;
				PRODUCT_NAME = "$(TARGET_NAME)";
				SWIFT_VERSION = 4.0;
				TARGETED_DEVICE_FAMILY = "1,2";
				TEST_TARGET_NAME = QuizApp;
			};
			name = Debug;
		};
		18F6CB3E20A2BD610087955D /* Release */ = {
			isa = XCBuildConfiguration;
			baseConfigurationReference = B4CA0121CAB3EE3DD1029D8F /* Pods-QuizAppUITests.release.xcconfig */;
			buildSettings = {
				ALWAYS_EMBED_SWIFT_STANDARD_LIBRARIES = YES;
				CODE_SIGN_STYLE = Automatic;
				DEVELOPMENT_TEAM = 3NWJFVU6RP;
				INFOPLIST_FILE = QuizAppUITests/Info.plist;
				LD_RUNPATH_SEARCH_PATHS = (
					"$(inherited)",
					"@executable_path/Frameworks",
					"@loader_path/Frameworks",
				);
				PRODUCT_BUNDLE_IDENTIFIER = com.app.QuizAppUITests;
				PRODUCT_NAME = "$(TARGET_NAME)";
				SWIFT_VERSION = 4.0;
				TARGETED_DEVICE_FAMILY = "1,2";
				TEST_TARGET_NAME = QuizApp;
			};
			name = Release;
		};
/* End XCBuildConfiguration section */

/* Begin XCConfigurationList section */
		18F6CB0920A2BD5F0087955D /* Build configuration list for PBXProject "QuizApp" */ = {
			isa = XCConfigurationList;
			buildConfigurations = (
				18F6CB3420A2BD610087955D /* Debug */,
				18F6CB3520A2BD610087955D /* Release */,
			);
			defaultConfigurationIsVisible = 0;
			defaultConfigurationName = Release;
		};
		18F6CB3620A2BD610087955D /* Build configuration list for PBXNativeTarget "QuizApp" */ = {
			isa = XCConfigurationList;
			buildConfigurations = (
				18F6CB3720A2BD610087955D /* Debug */,
				18F6CB3820A2BD610087955D /* Release */,
			);
			defaultConfigurationIsVisible = 0;
			defaultConfigurationName = Release;
		};
		18F6CB3920A2BD610087955D /* Build configuration list for PBXNativeTarget "QuizAppTests" */ = {
			isa = XCConfigurationList;
			buildConfigurations = (
				18F6CB3A20A2BD610087955D /* Debug */,
				18F6CB3B20A2BD610087955D /* Release */,
			);
			defaultConfigurationIsVisible = 0;
			defaultConfigurationName = Release;
		};
		18F6CB3C20A2BD610087955D /* Build configuration list for PBXNativeTarget "QuizAppUITests" */ = {
			isa = XCConfigurationList;
			buildConfigurations = (
				18F6CB3D20A2BD610087955D /* Debug */,
				18F6CB3E20A2BD610087955D /* Release */,
			);
			defaultConfigurationIsVisible = 0;
			defaultConfigurationName = Release;
		};
/* End XCConfigurationList section */
	};
	rootObject = 18F6CB0620A2BD5F0087955D /* Project object */;
}
